
Microsoft Visual Studio Solution File, Format Version 12.00
# Visual Studio Version 17
VisualStudioVersion = 17.8.34601.278
MinimumVisualStudioVersion = 10.0.40219.1
Project("{FAE04EC0-301F-11D3-BF4B-00C04F79EFBC}") = "webhookSben", "webhookSben.csproj", "{33D5A146-4A13-4491-BD81-6086455FCC8A}"
EndProject
Global
	GlobalSection(SolutionConfigurationPlatforms) = preSolution
		Debug|Any CPU = Debug|Any CPU
		Release|Any CPU = Release|Any CPU
	EndGlobalSection
	GlobalSection(ProjectConfigurationPlatforms) = postSolution
		{33D5A146-4A13-4491-BD81-6086455FCC8A}.Debug|Any CPU.ActiveCfg = Debug|Any CPU
		{33D5A146-4A13-4491-BD81-6086455FCC8A}.Debug|Any CPU.Build.0 = Debug|Any CPU
		{33D5A146-4A13-4491-BD81-6086455FCC8A}.Release|Any CPU.ActiveCfg = Release|Any CPU
		{33D5A146-4A13-4491-BD81-6086455FCC8A}.Release|Any CPU.Build.0 = Release|Any CPU
	EndGlobalSection
	GlobalSection(SolutionProperties) = preSolution
		HideSolutionNode = FALSE
	EndGlobalSection
	GlobalSection(ExtensibilityGlobals) = postSolution
		SolutionGuid = {5699943B-33DF-4841-9BAC-837D046251F3}
	EndGlobalSection
EndGlobal
